
Microsoft Visual Studio Solution File, Format Version 12.00
Project("{FAE04EC0-301F-11D3-BF4B-00C04F79EFBC}") = "CodeCracker", "CodeCracker\CodeCracker.csproj", "{8BAECB09-166A-4D83-9E27-8DEA1867FE9D}"
EndProject
Global
	GlobalSection(SolutionConfigurationPlatforms) = preSolution
		Debug|Any CPU = Debug|Any CPU
		Release|Any CPU = Release|Any CPU
	EndGlobalSection
	GlobalSection(ProjectConfigurationPlatforms) = postSolution
		{8BAECB09-166A-4D83-9E27-8DEA1867FE9D}.Debug|Any CPU.ActiveCfg = Debug|Any CPU
		{8BAECB09-166A-4D83-9E27-8DEA1867FE9D}.Debug|Any CPU.Build.0 = Debug|Any CPU
		{8BAECB09-166A-4D83-9E27-8DEA1867FE9D}.Release|Any CPU.ActiveCfg = Release|Any CPU
		{8BAECB09-166A-4D83-9E27-8DEA1867FE9D}.Release|Any CPU.Build.0 = Release|Any CPU
	EndGlobalSection
EndGlobal
